# THIS IS AN AUTOGENERATED FILE. DO NOT EDIT THIS FILE DIRECTLY.
# yarn lockfile v1


"@lincode/events@*":
  version "1.0.24"
  resolved "https://registry.yarnpkg.com/@lincode/events/-/events-1.0.24.tgz#869cc75bd5a12d5fb2cb50cd59ecffe2a95cca74"
  integrity sha512-YSpcweyhfliLrJwLT6Xplt5kpIP1LnP5KVxWT8MGD/iJmlHwFNoTWO4KSUvtuhb40vp5XuHF65I2ibZgj6Cobw==
  dependencies:
    "@lincode/promiselikes" "*"
    "@lincode/utils" "*"

"@lincode/filetypes@*":
  version "1.0.1"
  resolved "https://registry.yarnpkg.com/@lincode/filetypes/-/filetypes-1.0.1.tgz#e648e6dfb6905456543459956ba3161c5c086b8e"
  integrity sha512-ltOOAqFCz9zRmhhis624r9ME7XNP2gYOAECa4kD5LxwEqZBto1/JK0mimDcnb6pZf4gvUjO+9tTyykQJfIcy4Q==
  dependencies:
    "@lincode/utils" "*"

"@lincode/hooks@*", "@lincode/hooks@1.0.40":
  version "1.0.40"
  resolved "https://registry.yarnpkg.com/@lincode/hooks/-/hooks-1.0.40.tgz#dbb1f13ccdb6d7d046598dda009c684f323c1169"
  integrity sha512-6btD8qUR6XhAxJNgOXrarJumdLcPBbgrg/mWHhG5JEQi5n5Mm/Y5nTHE4Y2zF2rG0grLKnIXIIxWH/Fs0dMk+w==
  dependencies:
    "@lincode/promiselikes" "*"
    "@lincode/utils" "*"
    intersection-observer "*"
    resize-observer-polyfill "*"

"@lincode/math@*":
  version "1.0.8"
  resolved "https://registry.yarnpkg.com/@lincode/math/-/math-1.0.8.tgz#ed8ae14638b7e4d3834868ac4efc9bdb1e18bee6"
  integrity sha512-lgjk6Wv3YdVTsLQD1wSj8w6xyGYR66Dvg/Nu1wQUYWicYKijuDZC4UMaYjY7jb1Zf2Iwi6RVdP4iFkrdPztsBw==

"@lincode/promiselikes@*":
  version "1.0.20"
  resolved "https://registry.yarnpkg.com/@lincode/promiselikes/-/promiselikes-1.0.20.tgz#b6965cc6649696f367df6fc214d7c051696ff0df"
  integrity sha512-A4teV4WJKYNnoi3siCc/74PzNWLB3nSkgS7qRzm5Zf0Q0xf90+FP80Z5uq0CpWkYLbvHAAR7DRtioTztSPCyfg==
  dependencies:
    "@lincode/utils" "*"

"@lincode/react-joystick@1.0.6":
  version "1.0.6"
  resolved "https://registry.yarnpkg.com/@lincode/react-joystick/-/react-joystick-1.0.6.tgz#0af6badbe8c96d5b28266c82734f7334c1d84686"
  integrity sha512-u39SiHzGgq9w+R1ZWZiYHszIigYPBF37HFKUuIkrn9R0MFt4PBQITlFHIfArgAuAF8amw3NGl99j0pS6xOZLsQ==
  dependencies:
    "@lincode/hooks" "*"
    "@lincode/math" "*"
    react-device-detect "^2.1.2"

"@lincode/react-reticle@1.1.2":
  version "1.1.2"
  resolved "https://registry.yarnpkg.com/@lincode/react-reticle/-/react-reticle-1.1.2.tgz#a52a220874d232745ad949d06fc1a9dc622514b6"
  integrity sha512-4R1dV4nx1w1vamwhWDqt12SojsWc8+m5tC7IgXgdMGqh3zsxyimP2P0hdrovljcfYuZxk5VN0FfzCV11A9iS1g==

"@lincode/reactivity@*":
  version "1.0.65"
  resolved "https://registry.yarnpkg.com/@lincode/reactivity/-/reactivity-1.0.65.tgz#e120d3c2d330c6988f64ed221cf9e15a9574247b"
  integrity sha512-c1iqR6tGvqUyuoea8J3nxdiI2jnSCkpWx1eVqlPxyoksjSRTxF/toBAl1HOsc6xUth4LdMhNvvS/7lyDYZV9GQ==
  dependencies:
    "@lincode/events" "*"
    "@lincode/promiselikes" "*"
    "@lincode/utils" "*"

"@lincode/utils@*":
  version "1.2.50"
  resolved "https://registry.yarnpkg.com/@lincode/utils/-/utils-1.2.50.tgz#63724d62d198e9fd1d4339ae8585d9e18bc2e261"
  integrity sha512-1Idd7DHhQz9mr8ffsPVML/a8ThaVvP1e8xIZUPrU0CKd9Gz64g0t9SlcDuEzFSolKAi8Sg3+VgMST1MEhy2LxQ==
  dependencies:
    "@types/lodash" "4"
    lodash "4"

"@tweakpane/core@1":
  version "1.0.9"
  resolved "https://registry.yarnpkg.com/@tweakpane/core/-/core-1.0.9.tgz#4135618a75165b45e0f44a4af71b5cb337fedabd"
  integrity sha512-vvS0IGhJ9Wq37vgldgF9Ohh5BA0RKapffhzyTN84170nt/0SCreXB9zIMLlbL4ZxvCKAKJ0080wJHS5aVhf20Q==

"@types/lodash@4":
  version "4.14.182"
  resolved "https://registry.yarnpkg.com/@types/lodash/-/lodash-4.14.182.tgz#05301a4d5e62963227eaafe0ce04dd77c54ea5c2"
  integrity sha512-/THyiqyQAP9AfARo4pF+aCGcyiQ94tX/Is2I7HofNRqoYLgN1PBoOWu2/zTA5zMxzP5EFutMtWtGAFRKUe961Q==

"@types/three@0.140.0":
  version "0.140.0"
  resolved "https://registry.yarnpkg.com/@types/three/-/three-0.140.0.tgz#3b74a021a69a6e2cd0e2550def15aa4c1c20e924"
  integrity sha512-YPJLSIY6uKUOp1k6BZYDq5GtEIdhfeK04UCbc9IPAVbdn/RNjkfrbnyd7smrsNkJhc0IFASLpd3AAYgwqgXKVQ==

browser-fs-access@0.29.5:
  version "0.29.5"
  resolved "https://registry.yarnpkg.com/browser-fs-access/-/browser-fs-access-0.29.5.tgz#e31e67f3cb45b2d3fbe34031e1b88321f143d219"
  integrity sha512-raivG4nPY3iTxBNgt2syHFjHGwWwyTxpCGx7OTLdmprakG+yXre9f5PZgPHQQ6axTlRxllj+fcmhRiI4gXLq0A==

cannon-es@0.19.0:
  version "0.19.0"
  resolved "https://registry.yarnpkg.com/cannon-es/-/cannon-es-0.19.0.tgz#f62fa04097e375877db8f3895f27bb6d499395c0"
  integrity sha512-fu9UXrjFmAQXq3JyBVPbtyc53suX+QHzikZEJykxroVNnIx1xHq0jZenK8qwhdwbBAtDL9n/47TyPELuSQwZuA==

framesync@6.0.1:
  version "6.0.1"
  resolved "https://registry.yarnpkg.com/framesync/-/framesync-6.0.1.tgz#5e32fc01f1c42b39c654c35b16440e07a25d6f20"
  integrity sha512-fUY88kXvGiIItgNC7wcTOl0SNRCVXMKSWW2Yzfmn7EKNc+MpCzcz9DhdHcdjbrtN3c6R4H5dTY2jiCpPdysEjA==
  dependencies:
    tslib "^2.1.0"

hey-listen@^1.0.8:
  version "1.0.8"
  resolved "https://registry.yarnpkg.com/hey-listen/-/hey-listen-1.0.8.tgz#8e59561ff724908de1aa924ed6ecc84a56a9aa68"
  integrity sha512-COpmrF2NOg4TBWUJ5UVyaCU2A88wEMkUPK4hNqyCkqHbxT92BbvfjoSozkAIIm6XhicGlJHhFdullInrdhwU8Q==

howler@2:
  version "2.2.3"
  resolved "https://registry.yarnpkg.com/howler/-/howler-2.2.3.tgz#a2eff9b08b586798e7a2ee17a602a90df28715da"
  integrity sha512-QM0FFkw0LRX1PR8pNzJVAY25JhIWvbKMBFM4gqk+QdV+kPXOhleWGCB6AiAF/goGjIHK2e/nIElplvjQwhr0jg==

intersection-observer@*:
  version "0.12.0"
  resolved "https://registry.yarnpkg.com/intersection-observer/-/intersection-observer-0.12.0.tgz#6c84628f67ce8698e5f9ccf857d97718745837aa"
  integrity sha512-2Vkz8z46Dv401zTWudDGwO7KiGHNDkMv417T5ItcNYfmvHR/1qCTVBO9vwH8zZmQ0WkA/1ARwpysR9bsnop4NQ==

lingo3d-react@^1.2.156:
  version "1.2.156"
  resolved "https://registry.yarnpkg.com/lingo3d-react/-/lingo3d-react-1.2.156.tgz#f2091d5623db7d0831883dcaf738c04f359bd934"
  integrity sha512-kE0S77YCsHz2fBUOEVCIIou2CxkAkoeE1XqyOfEapJxQprvdFhzf7RSUcPWd67BGm/QAQ6e9cX83J8tFjpsKlw==
  dependencies:
    "@lincode/hooks" "1.0.40"
    "@lincode/react-joystick" "1.0.6"
    "@lincode/react-reticle" "1.1.2"
    "@types/three" "0.140.0"
    lingo3d "1.10.191"
    nanoid "3"
    popmotion "11"
    stats.js "^0.17.0"

lingo3d@1.10.191:
  version "1.10.191"
  resolved "https://registry.yarnpkg.com/lingo3d/-/lingo3d-1.10.191.tgz#c0e1b336ca1b6dd9df465f56ed96beaa81971919"
  integrity sha512-UCmVPhkzJD/bimaSuYBi9K/qobJ3FO23xqy5GIo8aeqavWA2IUckWVk2jGSOZGXUUBzvE44kZQAm7FzS7dI5WQ==
  dependencies:
    "@lincode/events" "*"
    "@lincode/filetypes" "*"
    "@lincode/math" "*"
    "@lincode/promiselikes" "*"
    "@lincode/reactivity" "*"
    "@lincode/utils" "*"
    "@tweakpane/core" "1"
    "@types/three" "0.140.0"
    browser-fs-access "0.29.5"
    cannon-es "0.19.0"
    howler "2"
    postprocessing "6"
    preact "10"
    preact-custom-element "4"
    prettier "2"
    three "0.140.2"
    tweakpane "3"
    xstate "4"

lodash@4:
  version "4.17.21"
  resolved "https://registry.yarnpkg.com/lodash/-/lodash-4.17.21.tgz#679591c564c3bffaae8454cf0b3df370c3d6911c"
  integrity sha512-v2kDEe57lecTulaDIuNTPy3Ry4gLGJ6Z1O3vE1krgXZNrsQ+LFTGHVxVjcXPs17LhbZVGedAJv8XZ1tvj5FvSg==

nanoid@3:
  version "3.3.4"
  resolved "https://registry.yarnpkg.com/nanoid/-/nanoid-3.3.4.tgz#730b67e3cd09e2deacf03c027c81c9d9dbc5e8ab"
  integrity sha512-MqBkQh/OHTS2egovRtLk45wEyNXwF+cokD+1YPf9u5VfJiRdAiRwB2froX5Co9Rh20xs4siNPm8naNotSD6RBw==

popmotion@11:
  version "11.0.3"
  resolved "https://registry.yarnpkg.com/popmotion/-/popmotion-11.0.3.tgz#565c5f6590bbcddab7a33a074bb2ba97e24b0cc9"
  integrity sha512-Y55FLdj3UxkR7Vl3s7Qr4e9m0onSnP8W7d/xQLsoJM40vs6UKHFdygs6SWryasTZYqugMjm3BepCF4CWXDiHgA==
  dependencies:
    framesync "6.0.1"
    hey-listen "^1.0.8"
    style-value-types "5.0.0"
    tslib "^2.1.0"

postprocessing@6:
  version "6.26.4"
  resolved "https://registry.yarnpkg.com/postprocessing/-/postprocessing-6.26.4.tgz#726c66feb09ca0517f578376682820c472054a21"
  integrity sha512-8u3ERu8va0bhJ3E97r33tAqhMgOdX9ndSTQnL2KlNNOeO9L5h2w3Qi8UGzrU+R7s/Kwz51KxcB90XODcrpa0SA==

preact-custom-element@4:
  version "4.2.1"
  resolved "https://registry.yarnpkg.com/preact-custom-element/-/preact-custom-element-4.2.1.tgz#a18752ef60823ea61199d9cdc1866e51139b3f46"
  integrity sha512-/fiEEAyC+MXRlCBRmv/owoN5BLpO2nF/MF3YBHLtp4C2lNqlhV+a4he74A5DhfDoRmxDHm0sYVgQzWFEyzTDsw==

preact@10:
  version "10.7.2"
  resolved "https://registry.yarnpkg.com/preact/-/preact-10.7.2.tgz#5c632ba194b87345dcaee6598b3b6529b58e6a12"
  integrity sha512-GLjn0I3r6ka+NvxJUppsVFqb4V0qDTEHT/QxHlidPuClGaxF/4AI2Qti4a0cv3XMh5n1+D3hLScW10LRIm5msQ==

prettier@2:
  version "2.6.2"
  resolved "https://registry.yarnpkg.com/prettier/-/prettier-2.6.2.tgz#e26d71a18a74c3d0f0597f55f01fb6c06c206032"
  integrity sha512-PkUpF+qoXTqhOeWL9fu7As8LXsIUZ1WYaJiY/a7McAQzxjk82OF0tibkFXVCDImZtWxbvojFjerkiLb0/q8mew==

react-device-detect@^2.1.2:
  version "2.2.2"
  resolved "https://registry.yarnpkg.com/react-device-detect/-/react-device-detect-2.2.2.tgz#dbabbce798ec359c83f574c3edb24cf1cca641a5"
  integrity sha512-zSN1gIAztUekp5qUT/ybHwQ9fmOqVT1psxpSlTn1pe0CO+fnJHKRLOWWac5nKxOxvOpD/w84hk1I+EydrJp7SA==
  dependencies:
    ua-parser-js "^1.0.2"

resize-observer-polyfill@*:
  version "1.5.1"
  resolved "https://registry.yarnpkg.com/resize-observer-polyfill/-/resize-observer-polyfill-1.5.1.tgz#0e9020dd3d21024458d4ebd27e23e40269810464"
  integrity sha512-LwZrotdHOo12nQuZlHEmtuXdqGoOD0OhaxopaNFxWzInpEgaLWoVuAMbTzixuosCx2nEG58ngzW3vxdWoxIgdg==

stats.js@^0.17.0:
  version "0.17.0"
  resolved "https://registry.yarnpkg.com/stats.js/-/stats.js-0.17.0.tgz#b1c3dc46d94498b578b7fd3985b81ace7131cc7d"
  integrity sha1-scPcRtlEmLV4t/05hbgaznExzH0=

style-value-types@5.0.0:
  version "5.0.0"
  resolved "https://registry.yarnpkg.com/style-value-types/-/style-value-types-5.0.0.tgz#76c35f0e579843d523187989da866729411fc8ad"
  integrity sha512-08yq36Ikn4kx4YU6RD7jWEv27v4V+PUsOGa4n/as8Et3CuODMJQ00ENeAVXAeydX4Z2j1XHZF1K2sX4mGl18fA==
  dependencies:
    hey-listen "^1.0.8"
    tslib "^2.1.0"

three@0.140.2:
  version "0.140.2"
  resolved "https://registry.yarnpkg.com/three/-/three-0.140.2.tgz#ca0b7390d1ce4f7f2850e80afd00ef48fc244491"
  integrity sha512-DdT/AHm/TbZXEhQKQpGt5/iSgBrmXpjU26FNtj1KhllVPTKj1eG4X/ShyD5W2fngE+I1s1wa4ttC4C3oCJt7Ag==

tslib@^2.1.0:
  version "2.4.0"
  resolved "https://registry.yarnpkg.com/tslib/-/tslib-2.4.0.tgz#7cecaa7f073ce680a05847aa77be941098f36dc3"
  integrity sha512-d6xOpEDfsi2CZVlPQzGeux8XMwLT9hssAsaPYExaQMuYskwb+x1x7J371tWlbBdWHroy99KnVB6qIkUbs5X3UQ==

tweakpane@3:
  version "3.0.8"
  resolved "https://registry.yarnpkg.com/tweakpane/-/tweakpane-3.0.8.tgz#e9138020ff4dc13a86cf1b2276ff5a2b5921df5c"
  integrity sha512-vJuB0346B6gMpxnFDJyy2wcEshkvcTpQ74TCqJTeFaDvzq9FL29h5KszT1+YUTLlP+26OQI8PFGN8WbtOQStnQ==

ua-parser-js@^1.0.2:
  version "1.0.2"
  resolved "https://registry.yarnpkg.com/ua-parser-js/-/ua-parser-js-1.0.2.tgz#e2976c34dbfb30b15d2c300b2a53eac87c57a775"
  integrity sha512-00y/AXhx0/SsnI51fTc0rLRmafiGOM4/O+ny10Ps7f+j/b8p/ZY11ytMgznXkOVo4GQ+KwQG5UQLkLGirsACRg==

xstate@4:
  version "4.32.1"
  resolved "https://registry.yarnpkg.com/xstate/-/xstate-4.32.1.tgz#1a09c808a66072938861a3b4acc5b38460244b70"
  integrity sha512-QYUd+3GkXZ8i6qdixnOn28bL3EvA++LONYL/EMWwKlFSh/hiLndJ8YTnz77FDs+JUXcwU7NZJg7qoezoRHc4GQ==
